
Microsoft Visual Studio Solution File, Format Version 12.00
# Visual Studio Version 17
VisualStudioVersion = 17.13.35828.75 d17.13
MinimumVisualStudioVersion = 10.0.40219.1
Project("{FAE04EC0-301F-11D3-BF4B-00C04F79EFBC}") = "backend-lab-c23880", "backend-lab-c23880\backend-lab-c23880.csproj", "{8F3D2AC6-2D3E-4836-910F-5775B25C5C01}"
EndProject
Global
	GlobalSection(SolutionConfigurationPlatforms) = preSolution
		Debug|Any CPU = Debug|Any CPU
		Release|Any CPU = Release|Any CPU
	EndGlobalSection
	GlobalSection(ProjectConfigurationPlatforms) = postSolution
		{8F3D2AC6-2D3E-4836-910F-5775B25C5C01}.Debug|Any CPU.ActiveCfg = Debug|Any CPU
		{8F3D2AC6-2D3E-4836-910F-5775B25C5C01}.Debug|Any CPU.Build.0 = Debug|Any CPU
		{8F3D2AC6-2D3E-4836-910F-5775B25C5C01}.Release|Any CPU.ActiveCfg = Release|Any CPU
		{8F3D2AC6-2D3E-4836-910F-5775B25C5C01}.Release|Any CPU.Build.0 = Release|Any CPU
	EndGlobalSection
	GlobalSection(SolutionProperties) = preSolution
		HideSolutionNode = FALSE
	EndGlobalSection
	GlobalSection(ExtensibilityGlobals) = postSolution
		SolutionGuid = {6EB5843D-28D0-4786-9CE1-64E8FC573380}
	EndGlobalSection
EndGlobal
